// !$*UTF8*$!
{
	archiveVersion = 1;
	classes = {
	};
	objectVersion = 46;
	objects = {

/* Begin PBXBuildFile section */
		911AD15C144951FB009F8B5B /* ASIAuthenticationDialog.m in Sources */ = {isa = PBXBuildFile; fileRef = 911AD149144951FB009F8B5B /* ASIAuthenticationDialog.m */; };
		911AD15D144951FB009F8B5B /* ASIDataCompressor.m in Sources */ = {isa = PBXBuildFile; fileRef = 911AD14C144951FB009F8B5B /* ASIDataCompressor.m */; };
		911AD15E144951FB009F8B5B /* ASIDataDecompressor.m in Sources */ = {isa = PBXBuildFile; fileRef = 911AD14E144951FB009F8B5B /* ASIDataDecompressor.m */; };
		911AD15F144951FB009F8B5B /* ASIDownloadCache.m in Sources */ = {isa = PBXBuildFile; fileRef = 911AD150144951FB009F8B5B /* ASIDownloadCache.m */; };
		911AD160144951FB009F8B5B /* ASIFormDataRequest.m in Sources */ = {isa = PBXBuildFile; fileRef = 911AD152144951FB009F8B5B /* ASIFormDataRequest.m */; };
		911AD161144951FB009F8B5B /* ASIHTTPRequest.m in Sources */ = {isa = PBXBuildFile; fileRef = 911AD154144951FB009F8B5B /* ASIHTTPRequest.m */; };
		911AD162144951FB009F8B5B /* ASIInputStream.m in Sources */ = {isa = PBXBuildFile; fileRef = 911AD158144951FB009F8B5B /* ASIInputStream.m */; };
		911AD163144951FB009F8B5B /* ASINetworkQueue.m in Sources */ = {isa = PBXBuildFile; fileRef = 911AD15A144951FB009F8B5B /* ASINetworkQueue.m */; };
		911AD16714495226009F8B5B /* Reachability.m in Sources */ = {isa = PBXBuildFile; fileRef = 911AD16614495226009F8B5B /* Reachability.m */; };
		913DC509144A97D200DA2331 /* CFNetwork.framework in Frameworks */ = {isa = PBXBuildFile; fileRef = 913DC508144A97D200DA2331 /* CFNetwork.framework */; };
		913DC50C144A97F000DA2331 /* SystemConfiguration.framework in Frameworks */ = {isa = PBXBuildFile; fileRef = 913DC50B144A97F000DA2331 /* SystemConfiguration.framework */; };
		913DC50E144A97FB00DA2331 /* MobileCoreServices.framework in Frameworks */ = {isa = PBXBuildFile; fileRef = 913DC50D144A97FB00DA2331 /* MobileCoreServices.framework */; };
		913DC510144A981800DA2331 /* libz.dylib in Frameworks */ = {isa = PBXBuildFile; fileRef = 913DC50F144A981800DA2331 /* libz.dylib */; };
		D36F662D14451B5B009F5755 /* ClassStackViewController.m in Sources */ = {isa = PBXBuildFile; fileRef = D36F662C14451B5B009F5755 /* ClassStackViewController.m */; };
		D388C46F143C6ECF00DEF523 /* AvlTree+Private.m in Sources */ = {isa = PBXBuildFile; fileRef = D388C44E143C6ECF00DEF523 /* AvlTree+Private.m */; };
		D388C470143C6ECF00DEF523 /* AvlTree.m in Sources */ = {isa = PBXBuildFile; fileRef = D388C450143C6ECF00DEF523 /* AvlTree.m */; };
		D388C471143C6ECF00DEF523 /* common.m in Sources */ = {isa = PBXBuildFile; fileRef = D388C452143C6ECF00DEF523 /* common.m */; };
		D388C472143C6ECF00DEF523 /* EntryEnumerator+Private.m in Sources */ = {isa = PBXBuildFile; fileRef = D388C455143C6ECF00DEF523 /* EntryEnumerator+Private.m */; };
		D388C473143C6ECF00DEF523 /* EntryEnumerator.m in Sources */ = {isa = PBXBuildFile; fileRef = D388C457143C6ECF00DEF523 /* EntryEnumerator.m */; };
		D388C474143C6ECF00DEF523 /* KeyEnumerator.m in Sources */ = {isa = PBXBuildFile; fileRef = D388C459143C6ECF00DEF523 /* KeyEnumerator.m */; };
		D388C475143C6ECF00DEF523 /* ObjectEnumerator.m in Sources */ = {isa = PBXBuildFile; fileRef = D388C45B143C6ECF00DEF523 /* ObjectEnumerator.m */; };
		D388C476143C6ECF00DEF523 /* Node.m in Sources */ = {isa = PBXBuildFile; fileRef = D388C45D143C6ECF00DEF523 /* Node.m */; };
		D388C477143C6ECF00DEF523 /* NSString+Base64.m in Sources */ = {isa = PBXBuildFile; fileRef = D388C45F143C6ECF00DEF523 /* NSString+Base64.m */; };
		D388C478143C6ECF00DEF523 /* NSString+Indent.m in Sources */ = {isa = PBXBuildFile; fileRef = D388C461143C6ECF00DEF523 /* NSString+Indent.m */; };
		D388C479143C6ECF00DEF523 /* PropertyListReader.m in Sources */ = {isa = PBXBuildFile; fileRef = D388C464143C6ECF00DEF523 /* PropertyListReader.m */; };
		D388C47A143C6ECF00DEF523 /* PropertyListWriter.m in Sources */ = {isa = PBXBuildFile; fileRef = D388C466143C6ECF00DEF523 /* PropertyListWriter.m */; };
		D388C47B143C6ECF00DEF523 /* SortedDictionary+Private.m in Sources */ = {isa = PBXBuildFile; fileRef = D388C468143C6ECF00DEF523 /* SortedDictionary+Private.m */; };
		D388C47C143C6ECF00DEF523 /* MutableSortedDictionary.m in Sources */ = {isa = PBXBuildFile; fileRef = D388C46B143C6ECF00DEF523 /* MutableSortedDictionary.m */; };
		D388C47D143C6ECF00DEF523 /* SortedDictionary.m in Sources */ = {isa = PBXBuildFile; fileRef = D388C46D143C6ECF00DEF523 /* SortedDictionary.m */; };
		D39D880A144568E100BD9A45 /* SVSegmentedControl.bundle in Resources */ = {isa = PBXBuildFile; fileRef = D39D8805144568E100BD9A45 /* SVSegmentedControl.bundle */; };
		D39D880B144568E100BD9A45 /* SVSegmentedControl.m in Sources */ = {isa = PBXBuildFile; fileRef = D39D8807144568E100BD9A45 /* SVSegmentedControl.m */; };
		D39D880C144568E100BD9A45 /* SVSegmentedThumb.m in Sources */ = {isa = PBXBuildFile; fileRef = D39D8809144568E100BD9A45 /* SVSegmentedThumb.m */; };
		D39D880E1445730A00BD9A45 /* backgroundImage_repeat.png in Resources */ = {isa = PBXBuildFile; fileRef = D39D880D1445730A00BD9A45 /* backgroundImage_repeat.png */; };
		D39D8815144574C600BD9A45 /* KobusReservationObject.m in Sources */ = {isa = PBXBuildFile; fileRef = D39D8814144574C600BD9A45 /* KobusReservationObject.m */; };
		D3A5D07D14452569007CF7BD /* TicketCountStackViewController.m in Sources */ = {isa = PBXBuildFile; fileRef = D3A5D07C14452569007CF7BD /* TicketCountStackViewController.m */; };
		D3A7D0CC14448199003285B9 /* DateStackViewController.m in Sources */ = {isa = PBXBuildFile; fileRef = D3A7D0CB14448199003285B9 /* DateStackViewController.m */; };
		D3A7D0D014448220003285B9 /* DataViewController.m in Sources */ = {isa = PBXBuildFile; fileRef = D3A7D0CF14448220003285B9 /* DataViewController.m */; };
		D3A7D17714449720003285B9 /* Kal.bundle in Resources */ = {isa = PBXBuildFile; fileRef = D3A7D16014449720003285B9 /* Kal.bundle */; };
		D3A7D17814449720003285B9 /* KalDataSource.m in Sources */ = {isa = PBXBuildFile; fileRef = D3A7D16314449720003285B9 /* KalDataSource.m */; };
		D3A7D17914449720003285B9 /* KalDate.m in Sources */ = {isa = PBXBuildFile; fileRef = D3A7D16514449720003285B9 /* KalDate.m */; };
		D3A7D17A14449720003285B9 /* KalGridView.m in Sources */ = {isa = PBXBuildFile; fileRef = D3A7D16714449720003285B9 /* KalGridView.m */; };
		D3A7D17B14449720003285B9 /* KalLogic.m in Sources */ = {isa = PBXBuildFile; fileRef = D3A7D16914449720003285B9 /* KalLogic.m */; };
		D3A7D17C14449720003285B9 /* KalMonthView.m in Sources */ = {isa = PBXBuildFile; fileRef = D3A7D16B14449720003285B9 /* KalMonthView.m */; };
		D3A7D17D14449720003285B9 /* KalTileView.m in Sources */ = {isa = PBXBuildFile; fileRef = D3A7D16E14449720003285B9 /* KalTileView.m */; };
		D3A7D17E14449720003285B9 /* KalView.m in Sources */ = {isa = PBXBuildFile; fileRef = D3A7D17014449720003285B9 /* KalView.m */; };
		D3A7D17F14449720003285B9 /* KalViewController.m in Sources */ = {isa = PBXBuildFile; fileRef = D3A7D17214449720003285B9 /* KalViewController.m */; };
		D3A7D18014449720003285B9 /* NSDateAdditions.m in Sources */ = {isa = PBXBuildFile; fileRef = D3A7D17414449720003285B9 /* NSDateAdditions.m */; };
		D3A7D18114449720003285B9 /* UIViewAdditions.m in Sources */ = {isa = PBXBuildFile; fileRef = D3A7D17614449720003285B9 /* UIViewAdditions.m */; };
		D3C1AE1B14443BDF00C23FC0 /* DataTableViewController.m in Sources */ = {isa = PBXBuildFile; fileRef = D3C1AE0E14443BDF00C23FC0 /* DataTableViewController.m */; };
		D3C1AE1C14443BDF00C23FC0 /* MenuViewController.m in Sources */ = {isa = PBXBuildFile; fileRef = D3C1AE1014443BDF00C23FC0 /* MenuViewController.m */; };
		D3C1AE1D14443BDF00C23FC0 /* OriginsStackViewController.m in Sources */ = {isa = PBXBuildFile; fileRef = D3C1AE1214443BDF00C23FC0 /* OriginsStackViewController.m */; };
		D3C1AE1E14443BDF00C23FC0 /* RootViewController.m in Sources */ = {isa = PBXBuildFile; fileRef = D3C1AE1414443BDF00C23FC0 /* RootViewController.m */; };
		D3C1AE2014443BDF00C23FC0 /* StackScrollViewController.m in Sources */ = {isa = PBXBuildFile; fileRef = D3C1AE1814443BDF00C23FC0 /* StackScrollViewController.m */; };
		D3C1AE2114443BDF00C23FC0 /* UIViewWithShadow.m in Sources */ = {isa = PBXBuildFile; fileRef = D3C1AE1A14443BDF00C23FC0 /* UIViewWithShadow.m */; };
		D3C1AE261444415D00C23FC0 /* QuartzCore.framework in Frameworks */ = {isa = PBXBuildFile; fileRef = D3C1AE251444415D00C23FC0 /* QuartzCore.framework */; };
		D3C1AE2F14444DD200C23FC0 /* DestinationsStackViewController.m in Sources */ = {isa = PBXBuildFile; fileRef = D3C1AE2E14444DD200C23FC0 /* DestinationsStackViewController.m */; };
		D3D943791435D31700568CE0 /* KobusWeb.m in Sources */ = {isa = PBXBuildFile; fileRef = D3D943781435D31700568CE0 /* KobusWeb.m */; };
		D3FB0001143D402D00A5B013 /* EntryEnumerator+Private.m in Sources */ = {isa = PBXBuildFile; fileRef = D388C455143C6ECF00DEF523 /* EntryEnumerator+Private.m */; };
		D3FB0003143D402D00A5B013 /* EntryEnumerator.m in Sources */ = {isa = PBXBuildFile; fileRef = D388C457143C6ECF00DEF523 /* EntryEnumerator.m */; };
		D3FB0005143D402D00A5B013 /* KeyEnumerator.m in Sources */ = {isa = PBXBuildFile; fileRef = D388C459143C6ECF00DEF523 /* KeyEnumerator.m */; };
		D3FB0007143D402D00A5B013 /* ObjectEnumerator.m in Sources */ = {isa = PBXBuildFile; fileRef = D388C45B143C6ECF00DEF523 /* ObjectEnumerator.m */; };
		D3FB0009143D402D00A5B013 /* Node.m in Sources */ = {isa = PBXBuildFile; fileRef = D388C45D143C6ECF00DEF523 /* Node.m */; };
		D3FB000B143D402D00A5B013 /* NSString+Base64.m in Sources */ = {isa = PBXBuildFile; fileRef = D388C45F143C6ECF00DEF523 /* NSString+Base64.m */; };
		D3FB000D143D402D00A5B013 /* NSString+Indent.m in Sources */ = {isa = PBXBuildFile; fileRef = D388C461143C6ECF00DEF523 /* NSString+Indent.m */; };
		D3FB000F143D402D00A5B013 /* PropertyListReader.m in Sources */ = {isa = PBXBuildFile; fileRef = D388C464143C6ECF00DEF523 /* PropertyListReader.m */; };
		D3FB0011143D402D00A5B013 /* PropertyListWriter.m in Sources */ = {isa = PBXBuildFile; fileRef = D388C466143C6ECF00DEF523 /* PropertyListWriter.m */; };
		D3FB0013143D402D00A5B013 /* SortedDictionary+Private.m in Sources */ = {isa = PBXBuildFile; fileRef = D388C468143C6ECF00DEF523 /* SortedDictionary+Private.m */; };
		D3FB0015143D402D00A5B013 /* MutableSortedDictionary.m in Sources */ = {isa = PBXBuildFile; fileRef = D388C46B143C6ECF00DEF523 /* MutableSortedDictionary.m */; };
		D3FB0017143D402D00A5B013 /* SortedDictionary.m in Sources */ = {isa = PBXBuildFile; fileRef = D388C46D143C6ECF00DEF523 /* SortedDictionary.m */; };
		D3FBFFFB143D402D00A5B013 /* AvlTree+Private.m in Sources */ = {isa = PBXBuildFile; fileRef = D388C44E143C6ECF00DEF523 /* AvlTree+Private.m */; };
		D3FBFFFD143D402D00A5B013 /* AvlTree.m in Sources */ = {isa = PBXBuildFile; fileRef = D388C450143C6ECF00DEF523 /* AvlTree.m */; };
		D3FBFFFF143D402D00A5B013 /* common.m in Sources */ = {isa = PBXBuildFile; fileRef = D388C452143C6ECF00DEF523 /* common.m */; };
		ED332E041435C299009A82E5 /* UIKit.framework in Frameworks */ = {isa = PBXBuildFile; fileRef = ED332E031435C299009A82E5 /* UIKit.framework */; };
		ED332E061435C299009A82E5 /* Foundation.framework in Frameworks */ = {isa = PBXBuildFile; fileRef = ED332E051435C299009A82E5 /* Foundation.framework */; };
		ED332E081435C299009A82E5 /* CoreGraphics.framework in Frameworks */ = {isa = PBXBuildFile; fileRef = ED332E071435C299009A82E5 /* CoreGraphics.framework */; };
		ED332E0A1435C299009A82E5 /* CoreData.framework in Frameworks */ = {isa = PBXBuildFile; fileRef = ED332E091435C299009A82E5 /* CoreData.framework */; };
		ED332E101435C299009A82E5 /* InfoPlist.strings in Resources */ = {isa = PBXBuildFile; fileRef = ED332E0E1435C299009A82E5 /* InfoPlist.strings */; };
		ED332E121435C299009A82E5 /* main.m in Sources */ = {isa = PBXBuildFile; fileRef = ED332E111435C299009A82E5 /* main.m */; };
		ED332E161435C299009A82E5 /* KobusReservationAppDelegate.m in Sources */ = {isa = PBXBuildFile; fileRef = ED332E151435C299009A82E5 /* KobusReservationAppDelegate.m */; };
		ED332E191435C299009A82E5 /* KobusReservation.xcdatamodeld in Sources */ = {isa = PBXBuildFile; fileRef = ED332E171435C299009A82E5 /* KobusReservation.xcdatamodeld */; };
		ED332E1C1435C29A009A82E5 /* MainWindow.xib in Resources */ = {isa = PBXBuildFile; fileRef = ED332E1A1435C29A009A82E5 /* MainWindow.xib */; };
		ED332E2D1435C29A009A82E5 /* SenTestingKit.framework in Frameworks */ = {isa = PBXBuildFile; fileRef = ED332E2C1435C29A009A82E5 /* SenTestingKit.framework */; };
		ED332E2E1435C29A009A82E5 /* UIKit.framework in Frameworks */ = {isa = PBXBuildFile; fileRef = ED332E031435C299009A82E5 /* UIKit.framework */; };
		ED332E2F1435C29A009A82E5 /* Foundation.framework in Frameworks */ = {isa = PBXBuildFile; fileRef = ED332E051435C299009A82E5 /* Foundation.framework */; };
		ED332E301435C29A009A82E5 /* CoreGraphics.framework in Frameworks */ = {isa = PBXBuildFile; fileRef = ED332E071435C299009A82E5 /* CoreGraphics.framework */; };
		ED332E311435C29A009A82E5 /* CoreData.framework in Frameworks */ = {isa = PBXBuildFile; fileRef = ED332E091435C299009A82E5 /* CoreData.framework */; };
		ED332E391435C29A009A82E5 /* InfoPlist.strings in Resources */ = {isa = PBXBuildFile; fileRef = ED332E371435C29A009A82E5 /* InfoPlist.strings */; };
		ED332E3D1435C29A009A82E5 /* KobusWebTests.m in Sources */ = {isa = PBXBuildFile; fileRef = ED332E3C1435C29A009A82E5 /* KobusWebTests.m */; };
		ED3D725C143B3C0100775F58 /* KobusWeb.m in Sources */ = {isa = PBXBuildFile; fileRef = D3D943781435D31700568CE0 /* KobusWeb.m */; };
		ED3D725E143B3DB100775F58 /* KobusWebSampleInput.data in Resources */ = {isa = PBXBuildFile; fileRef = ED3D725D143B3DB100775F58 /* KobusWebSampleInput.data */; };
		EDC2A76E1440B31D00ADD159 /* Sample115.data in Resources */ = {isa = PBXBuildFile; fileRef = EDC2A76D1440B31D00ADD159 /* Sample115.data */; };
/* End PBXBuildFile section */

/* Begin PBXFileReference section */
		911AD148144951FB009F8B5B /* ASIAuthenticationDialog.h */ = {isa = PBXFileReference; fileEncoding = 4; lastKnownFileType = sourcecode.c.h; path = ASIAuthenticationDialog.h; sourceTree = "<group>"; };
		911AD149144951FB009F8B5B /* ASIAuthenticationDialog.m */ = {isa = PBXFileReference; fileEncoding = 4; lastKnownFileType = sourcecode.c.objc; path = ASIAuthenticationDialog.m; sourceTree = "<group>"; };
		911AD14A144951FB009F8B5B /* ASICacheDelegate.h */ = {isa = PBXFileReference; fileEncoding = 4; lastKnownFileType = sourcecode.c.h; path = ASICacheDelegate.h; sourceTree = "<group>"; };
		911AD14B144951FB009F8B5B /* ASIDataCompressor.h */ = {isa = PBXFileReference; fileEncoding = 4; lastKnownFileType = sourcecode.c.h; path = ASIDataCompressor.h; sourceTree = "<group>"; };
		911AD14C144951FB009F8B5B /* ASIDataCompressor.m */ = {isa = PBXFileReference; fileEncoding = 4; lastKnownFileType = sourcecode.c.objc; path = ASIDataCompressor.m; sourceTree = "<group>"; };
		911AD14D144951FB009F8B5B /* ASIDataDecompressor.h */ = {isa = PBXFileReference; fileEncoding = 4; lastKnownFileType = sourcecode.c.h; path = ASIDataDecompressor.h; sourceTree = "<group>"; };
		911AD14E144951FB009F8B5B /* ASIDataDecompressor.m */ = {isa = PBXFileReference; fileEncoding = 4; lastKnownFileType = sourcecode.c.objc; path = ASIDataDecompressor.m; sourceTree = "<group>"; };
		911AD14F144951FB009F8B5B /* ASIDownloadCache.h */ = {isa = PBXFileReference; fileEncoding = 4; lastKnownFileType = sourcecode.c.h; path = ASIDownloadCache.h; sourceTree = "<group>"; };
		911AD150144951FB009F8B5B /* ASIDownloadCache.m */ = {isa = PBXFileReference; fileEncoding = 4; lastKnownFileType = sourcecode.c.objc; path = ASIDownloadCache.m; sourceTree = "<group>"; };
		911AD151144951FB009F8B5B /* ASIFormDataRequest.h */ = {isa = PBXFileReference; fileEncoding = 4; lastKnownFileType = sourcecode.c.h; path = ASIFormDataRequest.h; sourceTree = "<group>"; };
		911AD152144951FB009F8B5B /* ASIFormDataRequest.m */ = {isa = PBXFileReference; fileEncoding = 4; lastKnownFileType = sourcecode.c.objc; path = ASIFormDataRequest.m; sourceTree = "<group>"; };
		911AD153144951FB009F8B5B /* ASIHTTPRequest.h */ = {isa = PBXFileReference; fileEncoding = 4; lastKnownFileType = sourcecode.c.h; path = ASIHTTPRequest.h; sourceTree = "<group>"; };
		911AD154144951FB009F8B5B /* ASIHTTPRequest.m */ = {isa = PBXFileReference; fileEncoding = 4; lastKnownFileType = sourcecode.c.objc; path = ASIHTTPRequest.m; sourceTree = "<group>"; };
		911AD155144951FB009F8B5B /* ASIHTTPRequestConfig.h */ = {isa = PBXFileReference; fileEncoding = 4; lastKnownFileType = sourcecode.c.h; path = ASIHTTPRequestConfig.h; sourceTree = "<group>"; };
		911AD156144951FB009F8B5B /* ASIHTTPRequestDelegate.h */ = {isa = PBXFileReference; fileEncoding = 4; lastKnownFileType = sourcecode.c.h; path = ASIHTTPRequestDelegate.h; sourceTree = "<group>"; };
		911AD157144951FB009F8B5B /* ASIInputStream.h */ = {isa = PBXFileReference; fileEncoding = 4; lastKnownFileType = sourcecode.c.h; path = ASIInputStream.h; sourceTree = "<group>"; };
		911AD158144951FB009F8B5B /* ASIInputStream.m */ = {isa = PBXFileReference; fileEncoding = 4; lastKnownFileType = sourcecode.c.objc; path = ASIInputStream.m; sourceTree = "<group>"; };
		911AD159144951FB009F8B5B /* ASINetworkQueue.h */ = {isa = PBXFileReference; fileEncoding = 4; lastKnownFileType = sourcecode.c.h; path = ASINetworkQueue.h; sourceTree = "<group>"; };
		911AD15A144951FB009F8B5B /* ASINetworkQueue.m */ = {isa = PBXFileReference; fileEncoding = 4; lastKnownFileType = sourcecode.c.objc; path = ASINetworkQueue.m; sourceTree = "<group>"; };
		911AD15B144951FB009F8B5B /* ASIProgressDelegate.h */ = {isa = PBXFileReference; fileEncoding = 4; lastKnownFileType = sourcecode.c.h; path = ASIProgressDelegate.h; sourceTree = "<group>"; };
		911AD16514495226009F8B5B /* Reachability.h */ = {isa = PBXFileReference; fileEncoding = 4; lastKnownFileType = sourcecode.c.h; path = Reachability.h; sourceTree = "<group>"; };
		911AD16614495226009F8B5B /* Reachability.m */ = {isa = PBXFileReference; fileEncoding = 4; lastKnownFileType = sourcecode.c.objc; path = Reachability.m; sourceTree = "<group>"; };
		913DC508144A97D200DA2331 /* CFNetwork.framework */ = {isa = PBXFileReference; lastKnownFileType = wrapper.framework; name = CFNetwork.framework; path = System/Library/Frameworks/CFNetwork.framework; sourceTree = SDKROOT; };
		913DC50B144A97F000DA2331 /* SystemConfiguration.framework */ = {isa = PBXFileReference; lastKnownFileType = wrapper.framework; name = SystemConfiguration.framework; path = System/Library/Frameworks/SystemConfiguration.framework; sourceTree = SDKROOT; };
		913DC50D144A97FB00DA2331 /* MobileCoreServices.framework */ = {isa = PBXFileReference; lastKnownFileType = wrapper.framework; name = MobileCoreServices.framework; path = System/Library/Frameworks/MobileCoreServices.framework; sourceTree = SDKROOT; };
		913DC50F144A981800DA2331 /* libz.dylib */ = {isa = PBXFileReference; lastKnownFileType = "compiled.mach-o.dylib"; name = libz.dylib; path = usr/lib/libz.dylib; sourceTree = SDKROOT; };
		D36F662B14451B5B009F5755 /* ClassStackViewController.h */ = {isa = PBXFileReference; fileEncoding = 4; lastKnownFileType = sourcecode.c.h; path = ClassStackViewController.h; sourceTree = "<group>"; };
		D36F662C14451B5B009F5755 /* ClassStackViewController.m */ = {isa = PBXFileReference; fileEncoding = 4; lastKnownFileType = sourcecode.c.objc; path = ClassStackViewController.m; sourceTree = "<group>"; };
		D388C44D143C6ECF00DEF523 /* AvlTree+Private.h */ = {isa = PBXFileReference; fileEncoding = 4; lastKnownFileType = sourcecode.c.h; path = "AvlTree+Private.h"; sourceTree = "<group>"; };
		D388C44E143C6ECF00DEF523 /* AvlTree+Private.m */ = {isa = PBXFileReference; fileEncoding = 4; lastKnownFileType = sourcecode.c.objc; path = "AvlTree+Private.m"; sourceTree = "<group>"; };
		D388C44F143C6ECF00DEF523 /* AvlTree.h */ = {isa = PBXFileReference; fileEncoding = 4; lastKnownFileType = sourcecode.c.h; path = AvlTree.h; sourceTree = "<group>"; };
		D388C450143C6ECF00DEF523 /* AvlTree.m */ = {isa = PBXFileReference; fileEncoding = 4; lastKnownFileType = sourcecode.c.objc; path = AvlTree.m; sourceTree = "<group>"; };
		D388C451143C6ECF00DEF523 /* common.h */ = {isa = PBXFileReference; fileEncoding = 4; lastKnownFileType = sourcecode.c.h; path = common.h; sourceTree = "<group>"; };
		D388C452143C6ECF00DEF523 /* common.m */ = {isa = PBXFileReference; fileEncoding = 4; lastKnownFileType = sourcecode.c.objc; path = common.m; sourceTree = "<group>"; };
		D388C454143C6ECF00DEF523 /* EntryEnumerator+Private.h */ = {isa = PBXFileReference; fileEncoding = 4; lastKnownFileType = sourcecode.c.h; path = "EntryEnumerator+Private.h"; sourceTree = "<group>"; };
		D388C455143C6ECF00DEF523 /* EntryEnumerator+Private.m */ = {isa = PBXFileReference; fileEncoding = 4; lastKnownFileType = sourcecode.c.objc; path = "EntryEnumerator+Private.m"; sourceTree = "<group>"; };
		D388C456143C6ECF00DEF523 /* EntryEnumerator.h */ = {isa = PBXFileReference; fileEncoding = 4; lastKnownFileType = sourcecode.c.h; path = EntryEnumerator.h; sourceTree = "<group>"; };
		D388C457143C6ECF00DEF523 /* EntryEnumerator.m */ = {isa = PBXFileReference; fileEncoding = 4; lastKnownFileType = sourcecode.c.objc; path = EntryEnumerator.m; sourceTree = "<group>"; };
		D388C458143C6ECF00DEF523 /* KeyEnumerator.h */ = {isa = PBXFileReference; fileEncoding = 4; lastKnownFileType = sourcecode.c.h; path = KeyEnumerator.h; sourceTree = "<group>"; };
		D388C459143C6ECF00DEF523 /* KeyEnumerator.m */ = {isa = PBXFileReference; fileEncoding = 4; lastKnownFileType = sourcecode.c.objc; path = KeyEnumerator.m; sourceTree = "<group>"; };
		D388C45A143C6ECF00DEF523 /* ObjectEnumerator.h */ = {isa = PBXFileReference; fileEncoding = 4; lastKnownFileType = sourcecode.c.h; path = ObjectEnumerator.h; sourceTree = "<group>"; };
		D388C45B143C6ECF00DEF523 /* ObjectEnumerator.m */ = {isa = PBXFileReference; fileEncoding = 4; lastKnownFileType = sourcecode.c.objc; path = ObjectEnumerator.m; sourceTree = "<group>"; };
		D388C45C143C6ECF00DEF523 /* Node.h */ = {isa = PBXFileReference; fileEncoding = 4; lastKnownFileType = sourcecode.c.h; path = Node.h; sourceTree = "<group>"; };
		D388C45D143C6ECF00DEF523 /* Node.m */ = {isa = PBXFileReference; fileEncoding = 4; lastKnownFileType = sourcecode.c.objc; path = Node.m; sourceTree = "<group>"; };
		D388C45E143C6ECF00DEF523 /* NSString+Base64.h */ = {isa = PBXFileReference; fileEncoding = 4; lastKnownFileType = sourcecode.c.h; path = "NSString+Base64.h"; sourceTree = "<group>"; };
		D388C45F143C6ECF00DEF523 /* NSString+Base64.m */ = {isa = PBXFileReference; fileEncoding = 4; lastKnownFileType = sourcecode.c.objc; path = "NSString+Base64.m"; sourceTree = "<group>"; };
		D388C460143C6ECF00DEF523 /* NSString+Indent.h */ = {isa = PBXFileReference; fileEncoding = 4; lastKnownFileType = sourcecode.c.h; path = "NSString+Indent.h"; sourceTree = "<group>"; };
		D388C461143C6ECF00DEF523 /* NSString+Indent.m */ = {isa = PBXFileReference; fileEncoding = 4; lastKnownFileType = sourcecode.c.objc; path = "NSString+Indent.m"; sourceTree = "<group>"; };
		D388C463143C6ECF00DEF523 /* PropertyListReader.h */ = {isa = PBXFileReference; fileEncoding = 4; lastKnownFileType = sourcecode.c.h; path = PropertyListReader.h; sourceTree = "<group>"; };
		D388C464143C6ECF00DEF523 /* PropertyListReader.m */ = {isa = PBXFileReference; fileEncoding = 4; lastKnownFileType = sourcecode.c.objc; path = PropertyListReader.m; sourceTree = "<group>"; };
		D388C465143C6ECF00DEF523 /* PropertyListWriter.h */ = {isa = PBXFileReference; fileEncoding = 4; lastKnownFileType = sourcecode.c.h; path = PropertyListWriter.h; sourceTree = "<group>"; };
		D388C466143C6ECF00DEF523 /* PropertyListWriter.m */ = {isa = PBXFileReference; fileEncoding = 4; lastKnownFileType = sourcecode.c.objc; path = PropertyListWriter.m; sourceTree = "<group>"; };
		D388C467143C6ECF00DEF523 /* SortedDictionary+Private.h */ = {isa = PBXFileReference; fileEncoding = 4; lastKnownFileType = sourcecode.c.h; path = "SortedDictionary+Private.h"; sourceTree = "<group>"; };
		D388C468143C6ECF00DEF523 /* SortedDictionary+Private.m */ = {isa = PBXFileReference; fileEncoding = 4; lastKnownFileType = sourcecode.c.objc; path = "SortedDictionary+Private.m"; sourceTree = "<group>"; };
		D388C46A143C6ECF00DEF523 /* MutableSortedDictionary.h */ = {isa = PBXFileReference; fileEncoding = 4; lastKnownFileType = sourcecode.c.h; path = MutableSortedDictionary.h; sourceTree = "<group>"; };
		D388C46B143C6ECF00DEF523 /* MutableSortedDictionary.m */ = {isa = PBXFileReference; fileEncoding = 4; lastKnownFileType = sourcecode.c.objc; path = MutableSortedDictionary.m; sourceTree = "<group>"; };
		D388C46C143C6ECF00DEF523 /* SortedDictionary.h */ = {isa = PBXFileReference; fileEncoding = 4; lastKnownFileType = sourcecode.c.h; path = SortedDictionary.h; sourceTree = "<group>"; };
		D388C46D143C6ECF00DEF523 /* SortedDictionary.m */ = {isa = PBXFileReference; fileEncoding = 4; lastKnownFileType = sourcecode.c.objc; path = SortedDictionary.m; sourceTree = "<group>"; };
		D388C46E143C6ECF00DEF523 /* SortedDictionaryEntry.h */ = {isa = PBXFileReference; fileEncoding = 4; lastKnownFileType = sourcecode.c.h; path = SortedDictionaryEntry.h; sourceTree = "<group>"; };
		D39D87FA1445530800BD9A45 /* StackViewController.h */ = {isa = PBXFileReference; fileEncoding = 4; lastKnownFileType = sourcecode.c.h; path = StackViewController.h; sourceTree = "<group>"; };
		D39D8805144568E100BD9A45 /* SVSegmentedControl.bundle */ = {isa = PBXFileReference; lastKnownFileType = "wrapper.plug-in"; path = SVSegmentedControl.bundle; sourceTree = "<group>"; };
		D39D8806144568E100BD9A45 /* SVSegmentedControl.h */ = {isa = PBXFileReference; fileEncoding = 4; lastKnownFileType = sourcecode.c.h; path = SVSegmentedControl.h; sourceTree = "<group>"; };
		D39D8807144568E100BD9A45 /* SVSegmentedControl.m */ = {isa = PBXFileReference; fileEncoding = 4; lastKnownFileType = sourcecode.c.objc; path = SVSegmentedControl.m; sourceTree = "<group>"; };
		D39D8808144568E100BD9A45 /* SVSegmentedThumb.h */ = {isa = PBXFileReference; fileEncoding = 4; lastKnownFileType = sourcecode.c.h; path = SVSegmentedThumb.h; sourceTree = "<group>"; };
		D39D8809144568E100BD9A45 /* SVSegmentedThumb.m */ = {isa = PBXFileReference; fileEncoding = 4; lastKnownFileType = sourcecode.c.objc; path = SVSegmentedThumb.m; sourceTree = "<group>"; };
		D39D880D1445730A00BD9A45 /* backgroundImage_repeat.png */ = {isa = PBXFileReference; lastKnownFileType = image.png; name = backgroundImage_repeat.png; path = KobusUI/backgroundImage_repeat.png; sourceTree = SOURCE_ROOT; };
		D39D8813144574C600BD9A45 /* KobusReservationObject.h */ = {isa = PBXFileReference; fileEncoding = 4; lastKnownFileType = sourcecode.c.h; path = KobusReservationObject.h; sourceTree = "<group>"; };
		D39D8814144574C600BD9A45 /* KobusReservationObject.m */ = {isa = PBXFileReference; fileEncoding = 4; lastKnownFileType = sourcecode.c.objc; path = KobusReservationObject.m; sourceTree = "<group>"; };
		D3A5D07B14452569007CF7BD /* TicketCountStackViewController.h */ = {isa = PBXFileReference; fileEncoding = 4; lastKnownFileType = sourcecode.c.h; path = TicketCountStackViewController.h; sourceTree = "<group>"; };
		D3A5D07C14452569007CF7BD /* TicketCountStackViewController.m */ = {isa = PBXFileReference; fileEncoding = 4; lastKnownFileType = sourcecode.c.objc; path = TicketCountStackViewController.m; sourceTree = "<group>"; };
		D3A7D0CA14448199003285B9 /* DateStackViewController.h */ = {isa = PBXFileReference; fileEncoding = 4; lastKnownFileType = sourcecode.c.h; path = DateStackViewController.h; sourceTree = "<group>"; };
		D3A7D0CB14448199003285B9 /* DateStackViewController.m */ = {isa = PBXFileReference; fileEncoding = 4; lastKnownFileType = sourcecode.c.objc; path = DateStackViewController.m; sourceTree = "<group>"; };
		D3A7D0CE14448220003285B9 /* DataViewController.h */ = {isa = PBXFileReference; fileEncoding = 4; lastKnownFileType = sourcecode.c.h; path = DataViewController.h; sourceTree = "<group>"; };
		D3A7D0CF14448220003285B9 /* DataViewController.m */ = {isa = PBXFileReference; fileEncoding = 4; lastKnownFileType = sourcecode.c.objc; path = DataViewController.m; sourceTree = "<group>"; };
		D3A7D16014449720003285B9 /* Kal.bundle */ = {isa = PBXFileReference; lastKnownFileType = "wrapper.plug-in"; path = Kal.bundle; sourceTree = "<group>"; };
		D3A7D16114449720003285B9 /* Kal.h */ = {isa = PBXFileReference; fileEncoding = 4; lastKnownFileType = sourcecode.c.h; path = Kal.h; sourceTree = "<group>"; };
		D3A7D16214449720003285B9 /* KalDataSource.h */ = {isa = PBXFileReference; fileEncoding = 4; lastKnownFileType = sourcecode.c.h; path = KalDataSource.h; sourceTree = "<group>"; };
		D3A7D16314449720003285B9 /* KalDataSource.m */ = {isa = PBXFileReference; fileEncoding = 4; lastKnownFileType = sourcecode.c.objc; path = KalDataSource.m; sourceTree = "<group>"; };
		D3A7D16414449720003285B9 /* KalDate.h */ = {isa = PBXFileReference; fileEncoding = 4; lastKnownFileType = sourcecode.c.h; path = KalDate.h; sourceTree = "<group>"; };
		D3A7D16514449720003285B9 /* KalDate.m */ = {isa = PBXFileReference; fileEncoding = 4; lastKnownFileType = sourcecode.c.objc; path = KalDate.m; sourceTree = "<group>"; };
		D3A7D16614449720003285B9 /* KalGridView.h */ = {isa = PBXFileReference; fileEncoding = 4; lastKnownFileType = sourcecode.c.h; path = KalGridView.h; sourceTree = "<group>"; };
		D3A7D16714449720003285B9 /* KalGridView.m */ = {isa = PBXFileReference; fileEncoding = 4; lastKnownFileType = sourcecode.c.objc; path = KalGridView.m; sourceTree = "<group>"; };
		D3A7D16814449720003285B9 /* KalLogic.h */ = {isa = PBXFileReference; fileEncoding = 4; lastKnownFileType = sourcecode.c.h; path = KalLogic.h; sourceTree = "<group>"; };
		D3A7D16914449720003285B9 /* KalLogic.m */ = {isa = PBXFileReference; fileEncoding = 4; lastKnownFileType = sourcecode.c.objc; path = KalLogic.m; sourceTree = "<group>"; };
		D3A7D16A14449720003285B9 /* KalMonthView.h */ = {isa = PBXFileReference; fileEncoding = 4; lastKnownFileType = sourcecode.c.h; path = KalMonthView.h; sourceTree = "<group>"; };
		D3A7D16B14449720003285B9 /* KalMonthView.m */ = {isa = PBXFileReference; fileEncoding = 4; lastKnownFileType = sourcecode.c.objc; path = KalMonthView.m; sourceTree = "<group>"; };
		D3A7D16C14449720003285B9 /* KalPrivate.h */ = {isa = PBXFileReference; fileEncoding = 4; lastKnownFileType = sourcecode.c.h; path = KalPrivate.h; sourceTree = "<group>"; };
		D3A7D16D14449720003285B9 /* KalTileView.h */ = {isa = PBXFileReference; fileEncoding = 4; lastKnownFileType = sourcecode.c.h; path = KalTileView.h; sourceTree = "<group>"; };
		D3A7D16E14449720003285B9 /* KalTileView.m */ = {isa = PBXFileReference; fileEncoding = 4; lastKnownFileType = sourcecode.c.objc; path = KalTileView.m; sourceTree = "<group>"; };
		D3A7D16F14449720003285B9 /* KalView.h */ = {isa = PBXFileReference; fileEncoding = 4; lastKnownFileType = sourcecode.c.h; path = KalView.h; sourceTree = "<group>"; };
		D3A7D17014449720003285B9 /* KalView.m */ = {isa = PBXFileReference; fileEncoding = 4; lastKnownFileType = sourcecode.c.objc; path = KalView.m; sourceTree = "<group>"; };
		D3A7D17114449720003285B9 /* KalViewController.h */ = {isa = PBXFileReference; fileEncoding = 4; lastKnownFileType = sourcecode.c.h; path = KalViewController.h; sourceTree = "<group>"; };
		D3A7D17214449720003285B9 /* KalViewController.m */ = {isa = PBXFileReference; fileEncoding = 4; lastKnownFileType = sourcecode.c.objc; path = KalViewController.m; sourceTree = "<group>"; };
		D3A7D17314449720003285B9 /* NSDateAdditions.h */ = {isa = PBXFileReference; fileEncoding = 4; lastKnownFileType = sourcecode.c.h; path = NSDateAdditions.h; sourceTree = "<group>"; };
		D3A7D17414449720003285B9 /* NSDateAdditions.m */ = {isa = PBXFileReference; fileEncoding = 4; lastKnownFileType = sourcecode.c.objc; path = NSDateAdditions.m; sourceTree = "<group>"; };
		D3A7D17514449720003285B9 /* UIViewAdditions.h */ = {isa = PBXFileReference; fileEncoding = 4; lastKnownFileType = sourcecode.c.h; path = UIViewAdditions.h; sourceTree = "<group>"; };
		D3A7D17614449720003285B9 /* UIViewAdditions.m */ = {isa = PBXFileReference; fileEncoding = 4; lastKnownFileType = sourcecode.c.objc; path = UIViewAdditions.m; sourceTree = "<group>"; };
		D3C1AE0D14443BDF00C23FC0 /* DataTableViewController.h */ = {isa = PBXFileReference; fileEncoding = 4; lastKnownFileType = sourcecode.c.h; path = DataTableViewController.h; sourceTree = "<group>"; };
		D3C1AE0E14443BDF00C23FC0 /* DataTableViewController.m */ = {isa = PBXFileReference; fileEncoding = 4; lastKnownFileType = sourcecode.c.objc; path = DataTableViewController.m; sourceTree = "<group>"; };
		D3C1AE0F14443BDF00C23FC0 /* MenuViewController.h */ = {isa = PBXFileReference; fileEncoding = 4; lastKnownFileType = sourcecode.c.h; path = MenuViewController.h; sourceTree = "<group>"; };
		D3C1AE1014443BDF00C23FC0 /* MenuViewController.m */ = {isa = PBXFileReference; fileEncoding = 4; lastKnownFileType = sourcecode.c.objc; path = MenuViewController.m; sourceTree = "<group>"; };
		D3C1AE1114443BDF00C23FC0 /* OriginsStackViewController.h */ = {isa = PBXFileReference; fileEncoding = 4; lastKnownFileType = sourcecode.c.h; path = OriginsStackViewController.h; sourceTree = "<group>"; };
		D3C1AE1214443BDF00C23FC0 /* OriginsStackViewController.m */ = {isa = PBXFileReference; fileEncoding = 4; lastKnownFileType = sourcecode.c.objc; path = OriginsStackViewController.m; sourceTree = "<group>"; };
		D3C1AE1314443BDF00C23FC0 /* RootViewController.h */ = {isa = PBXFileReference; fileEncoding = 4; lastKnownFileType = sourcecode.c.h; path = RootViewController.h; sourceTree = "<group>"; };
		D3C1AE1414443BDF00C23FC0 /* RootViewController.m */ = {isa = PBXFileReference; fileEncoding = 4; lastKnownFileType = sourcecode.c.objc; path = RootViewController.m; sourceTree = "<group>"; };
		D3C1AE1714443BDF00C23FC0 /* StackScrollViewController.h */ = {isa = PBXFileReference; fileEncoding = 4; lastKnownFileType = sourcecode.c.h; path = StackScrollViewController.h; sourceTree = "<group>"; };
		D3C1AE1814443BDF00C23FC0 /* StackScrollViewController.m */ = {isa = PBXFileReference; fileEncoding = 4; lastKnownFileType = sourcecode.c.objc; path = StackScrollViewController.m; sourceTree = "<group>"; };
		D3C1AE1914443BDF00C23FC0 /* UIViewWithShadow.h */ = {isa = PBXFileReference; fileEncoding = 4; lastKnownFileType = sourcecode.c.h; path = UIViewWithShadow.h; sourceTree = "<group>"; };
		D3C1AE1A14443BDF00C23FC0 /* UIViewWithShadow.m */ = {isa = PBXFileReference; fileEncoding = 4; lastKnownFileType = sourcecode.c.objc; path = UIViewWithShadow.m; sourceTree = "<group>"; };
		D3C1AE251444415D00C23FC0 /* QuartzCore.framework */ = {isa = PBXFileReference; lastKnownFileType = wrapper.framework; name = QuartzCore.framework; path = System/Library/Frameworks/QuartzCore.framework; sourceTree = SDKROOT; };
		D3C1AE2D14444DD200C23FC0 /* DestinationsStackViewController.h */ = {isa = PBXFileReference; fileEncoding = 4; lastKnownFileType = sourcecode.c.h; path = DestinationsStackViewController.h; sourceTree = "<group>"; };
		D3C1AE2E14444DD200C23FC0 /* DestinationsStackViewController.m */ = {isa = PBXFileReference; fileEncoding = 4; lastKnownFileType = sourcecode.c.objc; path = DestinationsStackViewController.m; sourceTree = "<group>"; };
		D3D943771435D31700568CE0 /* KobusWeb.h */ = {isa = PBXFileReference; fileEncoding = 4; lastKnownFileType = sourcecode.c.h; path = KobusWeb.h; sourceTree = "<group>"; };
		D3D943781435D31700568CE0 /* KobusWeb.m */ = {isa = PBXFileReference; fileEncoding = 4; lastKnownFileType = sourcecode.c.objc; path = KobusWeb.m; sourceTree = "<group>"; };
		ED332E031435C299009A82E5 /* UIKit.framework */ = {isa = PBXFileReference; lastKnownFileType = wrapper.framework; name = UIKit.framework; path = System/Library/Frameworks/UIKit.framework; sourceTree = SDKROOT; };
		ED332E051435C299009A82E5 /* Foundation.framework */ = {isa = PBXFileReference; lastKnownFileType = wrapper.framework; name = Foundation.framework; path = System/Library/Frameworks/Foundation.framework; sourceTree = SDKROOT; };
		ED332E071435C299009A82E5 /* CoreGraphics.framework */ = {isa = PBXFileReference; lastKnownFileType = wrapper.framework; name = CoreGraphics.framework; path = System/Library/Frameworks/CoreGraphics.framework; sourceTree = SDKROOT; };
		ED332E091435C299009A82E5 /* CoreData.framework */ = {isa = PBXFileReference; lastKnownFileType = wrapper.framework; name = CoreData.framework; path = System/Library/Frameworks/CoreData.framework; sourceTree = SDKROOT; };
		ED332E0D1435C299009A82E5 /* KobusReservation-Info.plist */ = {isa = PBXFileReference; lastKnownFileType = text.plist.xml; path = "KobusReservation-Info.plist"; sourceTree = "<group>"; };
		ED332E0F1435C299009A82E5 /* en */ = {isa = PBXFileReference; lastKnownFileType = text.plist.strings; name = en; path = en.lproj/InfoPlist.strings; sourceTree = "<group>"; };
		ED332E111435C299009A82E5 /* main.m */ = {isa = PBXFileReference; lastKnownFileType = sourcecode.c.objc; path = main.m; sourceTree = "<group>"; };
		ED332E131435C299009A82E5 /* KobusReservation-Prefix.pch */ = {isa = PBXFileReference; lastKnownFileType = sourcecode.c.h; path = "KobusReservation-Prefix.pch"; sourceTree = "<group>"; };
		ED332E141435C299009A82E5 /* KobusReservationAppDelegate.h */ = {isa = PBXFileReference; lastKnownFileType = sourcecode.c.h; path = KobusReservationAppDelegate.h; sourceTree = "<group>"; };
		ED332E151435C299009A82E5 /* KobusReservationAppDelegate.m */ = {isa = PBXFileReference; lastKnownFileType = sourcecode.c.objc; path = KobusReservationAppDelegate.m; sourceTree = "<group>"; };
		ED332E181435C299009A82E5 /* KobusReservation.xcdatamodel */ = {isa = PBXFileReference; lastKnownFileType = wrapper.xcdatamodel; path = KobusReservation.xcdatamodel; sourceTree = "<group>"; };
		ED332E1B1435C29A009A82E5 /* en */ = {isa = PBXFileReference; lastKnownFileType = file.xib; name = en; path = en.lproj/MainWindow.xib; sourceTree = "<group>"; };
		ED332E2C1435C29A009A82E5 /* SenTestingKit.framework */ = {isa = PBXFileReference; lastKnownFileType = wrapper.framework; name = SenTestingKit.framework; path = Library/Frameworks/SenTestingKit.framework; sourceTree = DEVELOPER_DIR; };
		ED332E361435C29A009A82E5 /* KobusReservationTests-Info.plist */ = {isa = PBXFileReference; lastKnownFileType = text.plist.xml; path = "KobusReservationTests-Info.plist"; sourceTree = "<group>"; };
		ED332E381435C29A009A82E5 /* en */ = {isa = PBXFileReference; lastKnownFileType = text.plist.strings; name = en; path = en.lproj/InfoPlist.strings; sourceTree = "<group>"; };
		ED332E3A1435C29A009A82E5 /* KobusWebTests.h */ = {isa = PBXFileReference; lastKnownFileType = sourcecode.c.h; path = KobusWebTests.h; sourceTree = "<group>"; };
		ED332E3C1435C29A009A82E5 /* KobusWebTests.m */ = {isa = PBXFileReference; lastKnownFileType = sourcecode.c.objc; path = KobusWebTests.m; sourceTree = "<group>"; };
		ED3D725D143B3DB100775F58 /* KobusWebSampleInput.data */ = {isa = PBXFileReference; fileEncoding = 4; lastKnownFileType = text; name = KobusWebSampleInput.data; path = ../KobusReservation/KobusWebSampleInput.data; sourceTree = "<group>"; };
		ED3D7267143B4BA800775F58 /* KobusReservation.app */ = {isa = PBXFileReference; explicitFileType = wrapper.application; includeInIndex = 0; path = KobusReservation.app; sourceTree = BUILT_PRODUCTS_DIR; };
		ED3D7269143B4BA800775F58 /* KobusReservationTests.octest */ = {isa = PBXFileReference; explicitFileType = wrapper.cfbundle; includeInIndex = 0; path = KobusReservationTests.octest; sourceTree = BUILT_PRODUCTS_DIR; };
		EDC2A76D1440B31D00ADD159 /* Sample115.data */ = {isa = PBXFileReference; fileEncoding = 4; lastKnownFileType = text; path = Sample115.data; sourceTree = "<group>"; };
/* End PBXFileReference section */

/* Begin PBXFrameworksBuildPhase section */
		ED332DFC1435C299009A82E5 /* Frameworks */ = {
			isa = PBXFrameworksBuildPhase;
			buildActionMask = 2147483647;
			files = (
				913DC510144A981800DA2331 /* libz.dylib in Frameworks */,
				913DC50E144A97FB00DA2331 /* MobileCoreServices.framework in Frameworks */,
				913DC50C144A97F000DA2331 /* SystemConfiguration.framework in Frameworks */,
				913DC509144A97D200DA2331 /* CFNetwork.framework in Frameworks */,
				D3C1AE261444415D00C23FC0 /* QuartzCore.framework in Frameworks */,
				ED332E041435C299009A82E5 /* UIKit.framework in Frameworks */,
				ED332E061435C299009A82E5 /* Foundation.framework in Frameworks */,
				ED332E081435C299009A82E5 /* CoreGraphics.framework in Frameworks */,
				ED332E0A1435C299009A82E5 /* CoreData.framework in Frameworks */,
			);
			runOnlyForDeploymentPostprocessing = 0;
		};
		ED332E271435C29A009A82E5 /* Frameworks */ = {
			isa = PBXFrameworksBuildPhase;
			buildActionMask = 2147483647;
			files = (
				ED332E2D1435C29A009A82E5 /* SenTestingKit.framework in Frameworks */,
				ED332E2E1435C29A009A82E5 /* UIKit.framework in Frameworks */,
				ED332E2F1435C29A009A82E5 /* Foundation.framework in Frameworks */,
				ED332E301435C29A009A82E5 /* CoreGraphics.framework in Frameworks */,
				ED332E311435C29A009A82E5 /* CoreData.framework in Frameworks */,
			);
			runOnlyForDeploymentPostprocessing = 0;
		};
/* End PBXFrameworksBuildPhase section */

/* Begin PBXGroup section */
		911AD1461449515F009F8B5B /* ASIHTTPRequest */ = {
			isa = PBXGroup;
			children = (
				911AD16414495226009F8B5B /* Reachability */,
				911AD148144951FB009F8B5B /* ASIAuthenticationDialog.h */,
				911AD149144951FB009F8B5B /* ASIAuthenticationDialog.m */,
				911AD14A144951FB009F8B5B /* ASICacheDelegate.h */,
				911AD14B144951FB009F8B5B /* ASIDataCompressor.h */,
				911AD14C144951FB009F8B5B /* ASIDataCompressor.m */,
				911AD14D144951FB009F8B5B /* ASIDataDecompressor.h */,
				911AD14E144951FB009F8B5B /* ASIDataDecompressor.m */,
				911AD14F144951FB009F8B5B /* ASIDownloadCache.h */,
				911AD150144951FB009F8B5B /* ASIDownloadCache.m */,
				911AD151144951FB009F8B5B /* ASIFormDataRequest.h */,
				911AD152144951FB009F8B5B /* ASIFormDataRequest.m */,
				911AD153144951FB009F8B5B /* ASIHTTPRequest.h */,
				911AD154144951FB009F8B5B /* ASIHTTPRequest.m */,
				911AD155144951FB009F8B5B /* ASIHTTPRequestConfig.h */,
				911AD156144951FB009F8B5B /* ASIHTTPRequestDelegate.h */,
				911AD157144951FB009F8B5B /* ASIInputStream.h */,
				911AD158144951FB009F8B5B /* ASIInputStream.m */,
				911AD159144951FB009F8B5B /* ASINetworkQueue.h */,
				911AD15A144951FB009F8B5B /* ASINetworkQueue.m */,
				911AD15B144951FB009F8B5B /* ASIProgressDelegate.h */,
			);
			name = ASIHTTPRequest;
			sourceTree = "<group>";
		};
		911AD16414495226009F8B5B /* Reachability */ = {
			isa = PBXGroup;
			children = (
				911AD16514495226009F8B5B /* Reachability.h */,
				911AD16614495226009F8B5B /* Reachability.m */,
			);
			path = Reachability;
			sourceTree = "<group>";
		};
		D388C44B143C6ECF00DEF523 /* SortedDictionary */ = {
			isa = PBXGroup;
			children = (
				D388C44C143C6ECF00DEF523 /* Internal */,
				D388C469143C6ECF00DEF523 /* Public */,
			);
			path = SortedDictionary;
			sourceTree = "<group>";
		};
		D388C44C143C6ECF00DEF523 /* Internal */ = {
			isa = PBXGroup;
			children = (
				D388C44D143C6ECF00DEF523 /* AvlTree+Private.h */,
				D388C44E143C6ECF00DEF523 /* AvlTree+Private.m */,
				D388C44F143C6ECF00DEF523 /* AvlTree.h */,
				D388C450143C6ECF00DEF523 /* AvlTree.m */,
				D388C451143C6ECF00DEF523 /* common.h */,
				D388C452143C6ECF00DEF523 /* common.m */,
				D388C453143C6ECF00DEF523 /* Enumerators */,
				D388C45C143C6ECF00DEF523 /* Node.h */,
				D388C45D143C6ECF00DEF523 /* Node.m */,
				D388C45E143C6ECF00DEF523 /* NSString+Base64.h */,
				D388C45F143C6ECF00DEF523 /* NSString+Base64.m */,
				D388C460143C6ECF00DEF523 /* NSString+Indent.h */,
				D388C461143C6ECF00DEF523 /* NSString+Indent.m */,
				D388C462143C6ECF00DEF523 /* Serialization */,
				D388C467143C6ECF00DEF523 /* SortedDictionary+Private.h */,
				D388C468143C6ECF00DEF523 /* SortedDictionary+Private.m */,
			);
			path = Internal;
			sourceTree = "<group>";
		};
		D388C453143C6ECF00DEF523 /* Enumerators */ = {
			isa = PBXGroup;
			children = (
				D388C454143C6ECF00DEF523 /* EntryEnumerator+Private.h */,
				D388C455143C6ECF00DEF523 /* EntryEnumerator+Private.m */,
				D388C456143C6ECF00DEF523 /* EntryEnumerator.h */,
				D388C457143C6ECF00DEF523 /* EntryEnumerator.m */,
				D388C458143C6ECF00DEF523 /* KeyEnumerator.h */,
				D388C459143C6ECF00DEF523 /* KeyEnumerator.m */,
				D388C45A143C6ECF00DEF523 /* ObjectEnumerator.h */,
				D388C45B143C6ECF00DEF523 /* ObjectEnumerator.m */,
			);
			path = Enumerators;
			sourceTree = "<group>";
		};
		D388C462143C6ECF00DEF523 /* Serialization */ = {
			isa = PBXGroup;
			children = (
				D388C463143C6ECF00DEF523 /* PropertyListReader.h */,
				D388C464143C6ECF00DEF523 /* PropertyListReader.m */,
				D388C465143C6ECF00DEF523 /* PropertyListWriter.h */,
				D388C466143C6ECF00DEF523 /* PropertyListWriter.m */,
			);
			path = Serialization;
			sourceTree = "<group>";
		};
		D388C469143C6ECF00DEF523 /* Public */ = {
			isa = PBXGroup;
			children = (
				D388C46A143C6ECF00DEF523 /* MutableSortedDictionary.h */,
				D388C46B143C6ECF00DEF523 /* MutableSortedDictionary.m */,
				D388C46C143C6ECF00DEF523 /* SortedDictionary.h */,
				D388C46D143C6ECF00DEF523 /* SortedDictionary.m */,
				D388C46E143C6ECF00DEF523 /* SortedDictionaryEntry.h */,
			);
			path = Public;
			sourceTree = "<group>";
		};
		D39D8804144568E100BD9A45 /* SVSegmentedControl */ = {
			isa = PBXGroup;
			children = (
				D39D8805144568E100BD9A45 /* SVSegmentedControl.bundle */,
				D39D8806144568E100BD9A45 /* SVSegmentedControl.h */,
				D39D8807144568E100BD9A45 /* SVSegmentedControl.m */,
				D39D8808144568E100BD9A45 /* SVSegmentedThumb.h */,
				D39D8809144568E100BD9A45 /* SVSegmentedThumb.m */,
			);
			path = SVSegmentedControl;
			sourceTree = "<group>";
		};
		D3A7D12714448CBE003285B9 /* Kal */ = {
			isa = PBXGroup;
			children = (
				D3A7D16014449720003285B9 /* Kal.bundle */,
				D3A7D16114449720003285B9 /* Kal.h */,
				D3A7D16214449720003285B9 /* KalDataSource.h */,
				D3A7D16314449720003285B9 /* KalDataSource.m */,
				D3A7D16414449720003285B9 /* KalDate.h */,
				D3A7D16514449720003285B9 /* KalDate.m */,
				D3A7D16614449720003285B9 /* KalGridView.h */,
				D3A7D16714449720003285B9 /* KalGridView.m */,
				D3A7D16814449720003285B9 /* KalLogic.h */,
				D3A7D16914449720003285B9 /* KalLogic.m */,
				D3A7D16A14449720003285B9 /* KalMonthView.h */,
				D3A7D16B14449720003285B9 /* KalMonthView.m */,
				D3A7D16C14449720003285B9 /* KalPrivate.h */,
				D3A7D16D14449720003285B9 /* KalTileView.h */,
				D3A7D16E14449720003285B9 /* KalTileView.m */,
				D3A7D16F14449720003285B9 /* KalView.h */,
				D3A7D17014449720003285B9 /* KalView.m */,
				D3A7D17114449720003285B9 /* KalViewController.h */,
				D3A7D17214449720003285B9 /* KalViewController.m */,
				D3A7D17314449720003285B9 /* NSDateAdditions.h */,
				D3A7D17414449720003285B9 /* NSDateAdditions.m */,
				D3A7D17514449720003285B9 /* UIViewAdditions.h */,
				D3A7D17614449720003285B9 /* UIViewAdditions.m */,
			);
			path = Kal;
			sourceTree = "<group>";
		};
		D3C1AE0C14443BDF00C23FC0 /* KobusUI */ = {
			isa = PBXGroup;
			children = (
				911AD1461449515F009F8B5B /* ASIHTTPRequest */,
				D39D8804144568E100BD9A45 /* SVSegmentedControl */,
				D3A7D12714448CBE003285B9 /* Kal */,
				D3C1AE27144443FC00C23FC0 /* StackScroll */,
				D39D87FA1445530800BD9A45 /* StackViewController.h */,
				D3C1AE1114443BDF00C23FC0 /* OriginsStackViewController.h */,
				D3C1AE1214443BDF00C23FC0 /* OriginsStackViewController.m */,
				D3C1AE2D14444DD200C23FC0 /* DestinationsStackViewController.h */,
				D3C1AE2E14444DD200C23FC0 /* DestinationsStackViewController.m */,
				D3A7D0CA14448199003285B9 /* DateStackViewController.h */,
				D3A7D0CB14448199003285B9 /* DateStackViewController.m */,
				D36F662B14451B5B009F5755 /* ClassStackViewController.h */,
				D36F662C14451B5B009F5755 /* ClassStackViewController.m */,
				D3A5D07B14452569007CF7BD /* TicketCountStackViewController.h */,
				D3A5D07C14452569007CF7BD /* TicketCountStackViewController.m */,
			);
			path = KobusUI;
			sourceTree = "<group>";
		};
		D3C1AE27144443FC00C23FC0 /* StackScroll */ = {
			isa = PBXGroup;
			children = (
				D3A7D0CE14448220003285B9 /* DataViewController.h */,
				D3A7D0CF14448220003285B9 /* DataViewController.m */,
				D3C1AE0D14443BDF00C23FC0 /* DataTableViewController.h */,
				D3C1AE0E14443BDF00C23FC0 /* DataTableViewController.m */,
				D3C1AE0F14443BDF00C23FC0 /* MenuViewController.h */,
				D3C1AE1014443BDF00C23FC0 /* MenuViewController.m */,
				D3C1AE1314443BDF00C23FC0 /* RootViewController.h */,
				D3C1AE1414443BDF00C23FC0 /* RootViewController.m */,
				D3C1AE1714443BDF00C23FC0 /* StackScrollViewController.h */,
				D3C1AE1814443BDF00C23FC0 /* StackScrollViewController.m */,
				D3C1AE1914443BDF00C23FC0 /* UIViewWithShadow.h */,
				D3C1AE1A14443BDF00C23FC0 /* UIViewWithShadow.m */,
			);
			name = StackScroll;
			sourceTree = "<group>";
		};
		ED332DF41435C299009A82E5 = {
			isa = PBXGroup;
			children = (
				D3C1AE0C14443BDF00C23FC0 /* KobusUI */,
				D388C44B143C6ECF00DEF523 /* SortedDictionary */,
				ED332E0B1435C299009A82E5 /* KobusReservation */,
				ED332E021435C299009A82E5 /* Frameworks */,
				ED3D7267143B4BA800775F58 /* KobusReservation.app */,
				ED3D7269143B4BA800775F58 /* KobusReservationTests.octest */,
			);
			sourceTree = "<group>";
		};
		ED332E021435C299009A82E5 /* Frameworks */ = {
			isa = PBXGroup;
			children = (
				913DC50F144A981800DA2331 /* libz.dylib */,
				913DC50D144A97FB00DA2331 /* MobileCoreServices.framework */,
				913DC50B144A97F000DA2331 /* SystemConfiguration.framework */,
				913DC508144A97D200DA2331 /* CFNetwork.framework */,
				D3C1AE251444415D00C23FC0 /* QuartzCore.framework */,
				ED332E031435C299009A82E5 /* UIKit.framework */,
				ED332E051435C299009A82E5 /* Foundation.framework */,
				ED332E071435C299009A82E5 /* CoreGraphics.framework */,
				ED332E091435C299009A82E5 /* CoreData.framework */,
				ED332E2C1435C29A009A82E5 /* SenTestingKit.framework */,
			);
			name = Frameworks;
			sourceTree = "<group>";
		};
		ED332E0B1435C299009A82E5 /* KobusReservation */ = {
			isa = PBXGroup;
			children = (
				D39D880D1445730A00BD9A45 /* backgroundImage_repeat.png */,
				ED332E141435C299009A82E5 /* KobusReservationAppDelegate.h */,
				ED332E151435C299009A82E5 /* KobusReservationAppDelegate.m */,
				ED332E1A1435C29A009A82E5 /* MainWindow.xib */,
				ED332E171435C299009A82E5 /* KobusReservation.xcdatamodeld */,
				ED332E0C1435C299009A82E5 /* Supporting Files */,
				D3D943771435D31700568CE0 /* KobusWeb.h */,
				D3D943781435D31700568CE0 /* KobusWeb.m */,
				D39D8813144574C600BD9A45 /* KobusReservationObject.h */,
				D39D8814144574C600BD9A45 /* KobusReservationObject.m */,
				ED332E341435C29A009A82E5 /* KobusReservationTests */,
			);
			path = KobusReservation;
			sourceTree = "<group>";
		};
		ED332E0C1435C299009A82E5 /* Supporting Files */ = {
			isa = PBXGroup;
			children = (
				ED332E0D1435C299009A82E5 /* KobusReservation-Info.plist */,
				ED332E0E1435C299009A82E5 /* InfoPlist.strings */,
				ED332E111435C299009A82E5 /* main.m */,
				ED332E131435C299009A82E5 /* KobusReservation-Prefix.pch */,
			);
			name = "Supporting Files";
			sourceTree = "<group>";
		};
		ED332E341435C29A009A82E5 /* KobusReservationTests */ = {
			isa = PBXGroup;
			children = (
				ED332E3A1435C29A009A82E5 /* KobusWebTests.h */,
				ED332E3C1435C29A009A82E5 /* KobusWebTests.m */,
				ED3D725D143B3DB100775F58 /* KobusWebSampleInput.data */,
				EDC2A76D1440B31D00ADD159 /* Sample115.data */,
				ED332E351435C29A009A82E5 /* Supporting Files */,
			);
			path = KobusReservationTests;
			sourceTree = SOURCE_ROOT;
		};
		ED332E351435C29A009A82E5 /* Supporting Files */ = {
			isa = PBXGroup;
			children = (
				ED332E361435C29A009A82E5 /* KobusReservationTests-Info.plist */,
				ED332E371435C29A009A82E5 /* InfoPlist.strings */,
			);
			name = "Supporting Files";
			sourceTree = "<group>";
		};
/* End PBXGroup section */

/* Begin PBXNativeTarget section */
		ED332DFE1435C299009A82E5 /* KobusReservation */ = {
			isa = PBXNativeTarget;
			buildConfigurationList = ED332E401435C29A009A82E5 /* Build configuration list for PBXNativeTarget "KobusReservation" */;
			buildPhases = (
				ED332DFB1435C299009A82E5 /* Sources */,
				ED332DFC1435C299009A82E5 /* Frameworks */,
				ED332DFD1435C299009A82E5 /* Resources */,
			);
			buildRules = (
			);
			dependencies = (
			);
			name = KobusReservation;
			productName = KobusReservation;
			productReference = ED3D7267143B4BA800775F58 /* KobusReservation.app */;
			productType = "com.apple.product-type.application";
		};
		ED332E2A1435C29A009A82E5 /* KobusReservationTests */ = {
			isa = PBXNativeTarget;
			buildConfigurationList = ED332E431435C29A009A82E5 /* Build configuration list for PBXNativeTarget "KobusReservationTests" */;
			buildPhases = (
				ED332E261435C29A009A82E5 /* Sources */,
				ED332E271435C29A009A82E5 /* Frameworks */,
				ED332E281435C29A009A82E5 /* Resources */,
				ED332E291435C29A009A82E5 /* ShellScript */,
			);
			buildRules = (
			);
			dependencies = (
			);
			name = KobusReservationTests;
			productName = KobusReservationTests;
			productReference = ED3D7269143B4BA800775F58 /* KobusReservationTests.octest */;
			productType = "com.apple.product-type.bundle";
		};
/* End PBXNativeTarget section */

/* Begin PBXProject section */
		ED332DF61435C299009A82E5 /* Project object */ = {
			isa = PBXProject;
			attributes = {
				ORGANIZATIONNAME = "앱달";
			};
			buildConfigurationList = ED332DF91435C299009A82E5 /* Build configuration list for PBXProject "KobusReservation" */;
			compatibilityVersion = "Xcode 3.2";
			developmentRegion = English;
			hasScannedForEncodings = 0;
			knownRegions = (
				en,
			);
			mainGroup = ED332DF41435C299009A82E5;
			productRefGroup = ED332DF41435C299009A82E5;
			projectDirPath = "";
			projectRoot = "";
			targets = (
				ED332DFE1435C299009A82E5 /* KobusReservation */,
				ED332E2A1435C29A009A82E5 /* KobusReservationTests */,
			);
		};
/* End PBXProject section */

/* Begin PBXResourcesBuildPhase section */
		ED332DFD1435C299009A82E5 /* Resources */ = {
			isa = PBXResourcesBuildPhase;
			buildActionMask = 2147483647;
			files = (
				ED332E101435C299009A82E5 /* InfoPlist.strings in Resources */,
				ED332E1C1435C29A009A82E5 /* MainWindow.xib in Resources */,
				D3A7D17714449720003285B9 /* Kal.bundle in Resources */,
				D39D880A144568E100BD9A45 /* SVSegmentedControl.bundle in Resources */,
				D39D880E1445730A00BD9A45 /* backgroundImage_repeat.png in Resources */,
			);
			runOnlyForDeploymentPostprocessing = 0;
		};
		ED332E281435C29A009A82E5 /* Resources */ = {
			isa = PBXResourcesBuildPhase;
			buildActionMask = 2147483647;
			files = (
				ED332E391435C29A009A82E5 /* InfoPlist.strings in Resources */,
				ED3D725E143B3DB100775F58 /* KobusWebSampleInput.data in Resources */,
				EDC2A76E1440B31D00ADD159 /* Sample115.data in Resources */,
			);
			runOnlyForDeploymentPostprocessing = 0;
		};
/* End PBXResourcesBuildPhase section */

/* Begin PBXShellScriptBuildPhase section */
		ED332E291435C29A009A82E5 /* ShellScript */ = {
			isa = PBXShellScriptBuildPhase;
			buildActionMask = 2147483647;
			files = (
			);
			inputPaths = (
			);
			outputPaths = (
			);
			runOnlyForDeploymentPostprocessing = 0;
			shellPath = /bin/sh;
			shellScript = "# Run the unit tests in this test bundle.\n\"${SYSTEM_DEVELOPER_DIR}/Tools/RunUnitTests\"\n";
		};
/* End PBXShellScriptBuildPhase section */

/* Begin PBXSourcesBuildPhase section */
		ED332DFB1435C299009A82E5 /* Sources */ = {
			isa = PBXSourcesBuildPhase;
			buildActionMask = 2147483647;
			files = (
				ED332E121435C299009A82E5 /* main.m in Sources */,
				ED332E161435C299009A82E5 /* KobusReservationAppDelegate.m in Sources */,
				ED332E191435C299009A82E5 /* KobusReservation.xcdatamodeld in Sources */,
				D3D943791435D31700568CE0 /* KobusWeb.m in Sources */,
				D388C46F143C6ECF00DEF523 /* AvlTree+Private.m in Sources */,
				D388C470143C6ECF00DEF523 /* AvlTree.m in Sources */,
				D388C471143C6ECF00DEF523 /* common.m in Sources */,
				D388C472143C6ECF00DEF523 /* EntryEnumerator+Private.m in Sources */,
				D388C473143C6ECF00DEF523 /* EntryEnumerator.m in Sources */,
				D388C474143C6ECF00DEF523 /* KeyEnumerator.m in Sources */,
				D388C475143C6ECF00DEF523 /* ObjectEnumerator.m in Sources */,
				D388C476143C6ECF00DEF523 /* Node.m in Sources */,
				D388C477143C6ECF00DEF523 /* NSString+Base64.m in Sources */,
				D388C478143C6ECF00DEF523 /* NSString+Indent.m in Sources */,
				D388C479143C6ECF00DEF523 /* PropertyListReader.m in Sources */,
				D388C47A143C6ECF00DEF523 /* PropertyListWriter.m in Sources */,
				D388C47B143C6ECF00DEF523 /* SortedDictionary+Private.m in Sources */,
				D388C47C143C6ECF00DEF523 /* MutableSortedDictionary.m in Sources */,
				D388C47D143C6ECF00DEF523 /* SortedDictionary.m in Sources */,
				D3C1AE1B14443BDF00C23FC0 /* DataTableViewController.m in Sources */,
				D3C1AE1C14443BDF00C23FC0 /* MenuViewController.m in Sources */,
				D3C1AE1D14443BDF00C23FC0 /* OriginsStackViewController.m in Sources */,
				D3C1AE1E14443BDF00C23FC0 /* RootViewController.m in Sources */,
				D3C1AE2014443BDF00C23FC0 /* StackScrollViewController.m in Sources */,
				D3C1AE2114443BDF00C23FC0 /* UIViewWithShadow.m in Sources */,
				D3C1AE2F14444DD200C23FC0 /* DestinationsStackViewController.m in Sources */,
				D3A7D0CC14448199003285B9 /* DateStackViewController.m in Sources */,
				D3A7D0D014448220003285B9 /* DataViewController.m in Sources */,
				D3A7D17814449720003285B9 /* KalDataSource.m in Sources */,
				D3A7D17914449720003285B9 /* KalDate.m in Sources */,
				D3A7D17A14449720003285B9 /* KalGridView.m in Sources */,
				D3A7D17B14449720003285B9 /* KalLogic.m in Sources */,
				D3A7D17C14449720003285B9 /* KalMonthView.m in Sources */,
				D3A7D17D14449720003285B9 /* KalTileView.m in Sources */,
				D3A7D17E14449720003285B9 /* KalView.m in Sources */,
				D3A7D17F14449720003285B9 /* KalViewController.m in Sources */,
				D3A7D18014449720003285B9 /* NSDateAdditions.m in Sources */,
				D3A7D18114449720003285B9 /* UIViewAdditions.m in Sources */,
				D36F662D14451B5B009F5755 /* ClassStackViewController.m in Sources */,
				D3A5D07D14452569007CF7BD /* TicketCountStackViewController.m in Sources */,
				D39D880B144568E100BD9A45 /* SVSegmentedControl.m in Sources */,
				D39D880C144568E100BD9A45 /* SVSegmentedThumb.m in Sources */,
				D39D8815144574C600BD9A45 /* KobusReservationObject.m in Sources */,
				911AD15C144951FB009F8B5B /* ASIAuthenticationDialog.m in Sources */,
				911AD15D144951FB009F8B5B /* ASIDataCompressor.m in Sources */,
				911AD15E144951FB009F8B5B /* ASIDataDecompressor.m in Sources */,
				911AD15F144951FB009F8B5B /* ASIDownloadCache.m in Sources */,
				911AD160144951FB009F8B5B /* ASIFormDataRequest.m in Sources */,
				911AD161144951FB009F8B5B /* ASIHTTPRequest.m in Sources */,
				911AD162144951FB009F8B5B /* ASIInputStream.m in Sources */,
				911AD163144951FB009F8B5B /* ASINetworkQueue.m in Sources */,
				911AD16714495226009F8B5B /* Reachability.m in Sources */,
			);
			runOnlyForDeploymentPostprocessing = 0;
		};
		ED332E261435C29A009A82E5 /* Sources */ = {
			isa = PBXSourcesBuildPhase;
			buildActionMask = 2147483647;
			files = (
				D3FBFFFB143D402D00A5B013 /* AvlTree+Private.m in Sources */,
				D3FBFFFD143D402D00A5B013 /* AvlTree.m in Sources */,
				D3FBFFFF143D402D00A5B013 /* common.m in Sources */,
				D3FB0001143D402D00A5B013 /* EntryEnumerator+Private.m in Sources */,
				D3FB0003143D402D00A5B013 /* EntryEnumerator.m in Sources */,
				D3FB0005143D402D00A5B013 /* KeyEnumerator.m in Sources */,
				D3FB0007143D402D00A5B013 /* ObjectEnumerator.m in Sources */,
				D3FB0009143D402D00A5B013 /* Node.m in Sources */,
				D3FB000B143D402D00A5B013 /* NSString+Base64.m in Sources */,
				D3FB000D143D402D00A5B013 /* NSString+Indent.m in Sources */,
				D3FB000F143D402D00A5B013 /* PropertyListReader.m in Sources */,
				D3FB0011143D402D00A5B013 /* PropertyListWriter.m in Sources */,
				D3FB0013143D402D00A5B013 /* SortedDictionary+Private.m in Sources */,
				D3FB0015143D402D00A5B013 /* MutableSortedDictionary.m in Sources */,
				D3FB0017143D402D00A5B013 /* SortedDictionary.m in Sources */,
				ED332E3D1435C29A009A82E5 /* KobusWebTests.m in Sources */,
				ED3D725C143B3C0100775F58 /* KobusWeb.m in Sources */,
			);
			runOnlyForDeploymentPostprocessing = 0;
		};
/* End PBXSourcesBuildPhase section */

/* Begin PBXVariantGroup section */
		ED332E0E1435C299009A82E5 /* InfoPlist.strings */ = {
			isa = PBXVariantGroup;
			children = (
				ED332E0F1435C299009A82E5 /* en */,
			);
			name = InfoPlist.strings;
			sourceTree = "<group>";
		};
		ED332E1A1435C29A009A82E5 /* MainWindow.xib */ = {
			isa = PBXVariantGroup;
			children = (
				ED332E1B1435C29A009A82E5 /* en */,
			);
			name = MainWindow.xib;
			sourceTree = "<group>";
		};
		ED332E371435C29A009A82E5 /* InfoPlist.strings */ = {
			isa = PBXVariantGroup;
			children = (
				ED332E381435C29A009A82E5 /* en */,
			);
			name = InfoPlist.strings;
			sourceTree = "<group>";
		};
/* End PBXVariantGroup section */

/* Begin XCBuildConfiguration section */
		ED332E3E1435C29A009A82E5 /* Debug */ = {
			isa = XCBuildConfiguration;
			buildSettings = {
				ALWAYS_SEARCH_USER_PATHS = NO;
				ARCHS = "$(ARCHS_UNIVERSAL_IPHONE_OS)";
				"CODE_SIGN_IDENTITY[sdk=iphoneos*]" = "iPhone Developer";
				COPY_PHASE_STRIP = NO;
				GCC_C_LANGUAGE_STANDARD = gnu99;
				GCC_DYNAMIC_NO_PIC = NO;
				GCC_OPTIMIZATION_LEVEL = 0;
				GCC_PREPROCESSOR_DEFINITIONS = DEBUG;
				GCC_SYMBOLS_PRIVATE_EXTERN = NO;
				GCC_VERSION = com.apple.compilers.llvmgcc42;
				GCC_WARN_ABOUT_MISSING_PROTOTYPES = YES;
				GCC_WARN_ABOUT_RETURN_TYPE = YES;
				GCC_WARN_UNUSED_VARIABLE = YES;
				IPHONEOS_DEPLOYMENT_TARGET = 4.3;
				SDKROOT = iphoneos;
				TARGETED_DEVICE_FAMILY = 2;
			};
			name = Debug;
		};
		ED332E3F1435C29A009A82E5 /* Release */ = {
			isa = XCBuildConfiguration;
			buildSettings = {
				ALWAYS_SEARCH_USER_PATHS = NO;
				ARCHS = "$(ARCHS_UNIVERSAL_IPHONE_OS)";
				"CODE_SIGN_IDENTITY[sdk=iphoneos*]" = "iPhone Developer";
				COPY_PHASE_STRIP = YES;
				GCC_C_LANGUAGE_STANDARD = gnu99;
				GCC_VERSION = com.apple.compilers.llvmgcc42;
				GCC_WARN_ABOUT_MISSING_PROTOTYPES = YES;
				GCC_WARN_ABOUT_RETURN_TYPE = YES;
				GCC_WARN_UNUSED_VARIABLE = YES;
				IPHONEOS_DEPLOYMENT_TARGET = 4.3;
				OTHER_CFLAGS = "-DNS_BLOCK_ASSERTIONS=1";
				SDKROOT = iphoneos;
				TARGETED_DEVICE_FAMILY = 2;
				VALIDATE_PRODUCT = YES;
			};
			name = Release;
		};
		ED332E411435C29A009A82E5 /* Debug */ = {
			isa = XCBuildConfiguration;
			buildSettings = {
				GCC_PRECOMPILE_PREFIX_HEADER = YES;
				GCC_PREFIX_HEADER = "KobusReservation/KobusReservation-Prefix.pch";
				INFOPLIST_FILE = "KobusReservation/KobusReservation-Info.plist";
				OTHER_LDFLAGS = "";
				"OTHER_LDFLAGS[arch=*]" = "";
				PRODUCT_NAME = "$(TARGET_NAME)";
				WRAPPER_EXTENSION = app;
			};
			name = Debug;
		};
		ED332E421435C29A009A82E5 /* Release */ = {
			isa = XCBuildConfiguration;
			buildSettings = {
				GCC_PRECOMPILE_PREFIX_HEADER = YES;
				GCC_PREFIX_HEADER = "KobusReservation/KobusReservation-Prefix.pch";
				INFOPLIST_FILE = "KobusReservation/KobusReservation-Info.plist";
				OTHER_LDFLAGS = "";
				PRODUCT_NAME = "$(TARGET_NAME)";
				WRAPPER_EXTENSION = app;
			};
			name = Release;
		};
		ED332E441435C29A009A82E5 /* Debug */ = {
			isa = XCBuildConfiguration;
			buildSettings = {
				ARCHS = "$(ARCHS_STANDARD_32_BIT)";
				BUNDLE_LOADER = "";
				FRAMEWORK_SEARCH_PATHS = (
					"$(SDKROOT)/Developer/Library/Frameworks",
					"$(DEVELOPER_LIBRARY_DIR)/Frameworks",
				);
				GCC_PRECOMPILE_PREFIX_HEADER = YES;
				GCC_PREFIX_HEADER = "KobusReservation/KobusReservation-Prefix.pch";
				GCC_PREPROCESSOR_DEFINITIONS = (
					"DEBUG=1",
					"$(inherited)",
				);
				INFOPLIST_FILE = "KobusReservationTests/KobusReservationTests-Info.plist";
				PRODUCT_NAME = "$(TARGET_NAME)";
				TEST_HOST = "$(BUNDLE_LOADER)";
				WRAPPER_EXTENSION = octest;
			};
			name = Debug;
		};
		ED332E451435C29A009A82E5 /* Release */ = {
			isa = XCBuildConfiguration;
			buildSettings = {
				ARCHS = "$(ARCHS_STANDARD_32_BIT)";
				BUNDLE_LOADER = "";
				FRAMEWORK_SEARCH_PATHS = (
					"$(SDKROOT)/Developer/Library/Frameworks",
					"$(DEVELOPER_LIBRARY_DIR)/Frameworks",
				);
				GCC_PRECOMPILE_PREFIX_HEADER = YES;
				GCC_PREFIX_HEADER = "KobusReservation/KobusReservation-Prefix.pch";
				INFOPLIST_FILE = "KobusReservationTests/KobusReservationTests-Info.plist";
				PRODUCT_NAME = "$(TARGET_NAME)";
				TEST_HOST = "$(BUNDLE_LOADER)";
				WRAPPER_EXTENSION = octest;
			};
			name = Release;
		};
/* End XCBuildConfiguration section */

/* Begin XCConfigurationList section */
		ED332DF91435C299009A82E5 /* Build configuration list for PBXProject "KobusReservation" */ = {
			isa = XCConfigurationList;
			buildConfigurations = (
				ED332E3E1435C29A009A82E5 /* Debug */,
				ED332E3F1435C29A009A82E5 /* Release */,
			);
			defaultConfigurationIsVisible = 0;
			defaultConfigurationName = Release;
		};
		ED332E401435C29A009A82E5 /* Build configuration list for PBXNativeTarget "KobusReservation" */ = {
			isa = XCConfigurationList;
			buildConfigurations = (
				ED332E411435C29A009A82E5 /* Debug */,
				ED332E421435C29A009A82E5 /* Release */,
			);
			defaultConfigurationIsVisible = 0;
			defaultConfigurationName = Release;
		};
		ED332E431435C29A009A82E5 /* Build configuration list for PBXNativeTarget "KobusReservationTests" */ = {
			isa = XCConfigurationList;
			buildConfigurations = (
				ED332E441435C29A009A82E5 /* Debug */,
				ED332E451435C29A009A82E5 /* Release */,
			);
			defaultConfigurationIsVisible = 0;
			defaultConfigurationName = Release;
		};
/* End XCConfigurationList section */

/* Begin XCVersionGroup section */
		ED332E171435C299009A82E5 /* KobusReservation.xcdatamodeld */ = {
			isa = XCVersionGroup;
			children = (
				ED332E181435C299009A82E5 /* KobusReservation.xcdatamodel */,
			);
			currentVersion = ED332E181435C299009A82E5 /* KobusReservation.xcdatamodel */;
			path = KobusReservation.xcdatamodeld;
			sourceTree = "<group>";
			versionGroupType = wrapper.xcdatamodel;
		};
/* End XCVersionGroup section */
	};
	rootObject = ED332DF61435C299009A82E5 /* Project object */;
}
